
Microsoft Visual Studio Solution File, Format Version 12.00
# Visual Studio 2013
VisualStudioVersion = 12.0.21005.1
MinimumVisualStudioVersion = 10.0.40219.1
Project("{FAE04EC0-301F-11D3-BF4B-00C04F79EFBC}") = "MiracleStone.Domain", "MiracleStone.Domain\MiracleStone.Domain.csproj", "{324FE2F9-50F6-488E-966F-2D99AB98A488}"
EndProject
Project("{FAE04EC0-301F-11D3-BF4B-00C04F79EFBC}") = "MiracleStone.Data", "MiracleStone.Data\MiracleStone.Data.csproj", "{663CD94D-821C-4283-B402-7034A3D7B2BD}"
EndProject
Project("{FAE04EC0-301F-11D3-BF4B-00C04F79EFBC}") = "MiracleStone.Web", "MiracleStone.Web\MiracleStone.Web.csproj", "{75D40864-945C-4161-B8C2-AFCD6BC2E772}"
EndProject
Project("{2150E333-8FDC-42A3-9474-1A3956D46DE8}") = ".nuget", ".nuget", "{46D95539-9208-4ADC-B7D0-8DFE1D050229}"
	ProjectSection(SolutionItems) = preProject
		.nuget\NuGet.Config = .nuget\NuGet.Config
		.nuget\NuGet.exe = .nuget\NuGet.exe
		.nuget\NuGet.targets = .nuget\NuGet.targets
	EndProjectSection
EndProject
Project("{FAE04EC0-301F-11D3-BF4B-00C04F79EFBC}") = "MiracleStone.Web.Fa", "MiracleStone.Web.Fa\MiracleStone.Web.Fa.csproj", "{95ACB186-AF59-4069-9C30-CA2B59CD94B2}"
EndProject
Global
	GlobalSection(TeamFoundationVersionControl) = preSolution
		SccNumberOfProjects = 5
		SccEnterpriseProvider = {4CA58AB2-18FA-4F8D-95D4-32DDF27D184C}
		SccTeamFoundationServer = https://mhakarimi.visualstudio.com/defaultcollection
		SccLocalPath0 = .
		SccProjectUniqueName1 = MiracleStone.Domain\\MiracleStone.Domain.csproj
		SccProjectName1 = MiracleStone.Domain
		SccLocalPath1 = MiracleStone.Domain
		SccProjectUniqueName2 = MiracleStone.Data\\MiracleStone.Data.csproj
		SccProjectName2 = MiracleStone.Data
		SccLocalPath2 = MiracleStone.Data
		SccProjectUniqueName3 = MiracleStone.Web\\MiracleStone.Web.csproj
		SccProjectName3 = MiracleStone.Web
		SccLocalPath3 = MiracleStone.Web
		SccProjectUniqueName4 = MiracleStone.Web.Fa\\MiracleStone.Web.Fa.csproj
		SccProjectName4 = MiracleStone.Web.Fa
		SccLocalPath4 = MiracleStone.Web.Fa
	EndGlobalSection
	GlobalSection(SolutionConfigurationPlatforms) = preSolution
		Debug|Any CPU = Debug|Any CPU
		Release|Any CPU = Release|Any CPU
	EndGlobalSection
	GlobalSection(ProjectConfigurationPlatforms) = postSolution
		{324FE2F9-50F6-488E-966F-2D99AB98A488}.Debug|Any CPU.ActiveCfg = Debug|Any CPU
		{324FE2F9-50F6-488E-966F-2D99AB98A488}.Debug|Any CPU.Build.0 = Debug|Any CPU
		{324FE2F9-50F6-488E-966F-2D99AB98A488}.Release|Any CPU.ActiveCfg = Release|Any CPU
		{324FE2F9-50F6-488E-966F-2D99AB98A488}.Release|Any CPU.Build.0 = Release|Any CPU
		{663CD94D-821C-4283-B402-7034A3D7B2BD}.Debug|Any CPU.ActiveCfg = Debug|Any CPU
		{663CD94D-821C-4283-B402-7034A3D7B2BD}.Debug|Any CPU.Build.0 = Debug|Any CPU
		{663CD94D-821C-4283-B402-7034A3D7B2BD}.Release|Any CPU.ActiveCfg = Release|Any CPU
		{663CD94D-821C-4283-B402-7034A3D7B2BD}.Release|Any CPU.Build.0 = Release|Any CPU
		{75D40864-945C-4161-B8C2-AFCD6BC2E772}.Debug|Any CPU.ActiveCfg = Debug|Any CPU
		{75D40864-945C-4161-B8C2-AFCD6BC2E772}.Debug|Any CPU.Build.0 = Debug|Any CPU
		{75D40864-945C-4161-B8C2-AFCD6BC2E772}.Release|Any CPU.ActiveCfg = Release|Any CPU
		{75D40864-945C-4161-B8C2-AFCD6BC2E772}.Release|Any CPU.Build.0 = Release|Any CPU
		{95ACB186-AF59-4069-9C30-CA2B59CD94B2}.Debug|Any CPU.ActiveCfg = Debug|Any CPU
		{95ACB186-AF59-4069-9C30-CA2B59CD94B2}.Debug|Any CPU.Build.0 = Debug|Any CPU
		{95ACB186-AF59-4069-9C30-CA2B59CD94B2}.Release|Any CPU.ActiveCfg = Release|Any CPU
		{95ACB186-AF59-4069-9C30-CA2B59CD94B2}.Release|Any CPU.Build.0 = Release|Any CPU
	EndGlobalSection
	GlobalSection(SolutionProperties) = preSolution
		HideSolutionNode = FALSE
	EndGlobalSection
EndGlobal
